{
  "name": "auto-emoji",
  "version": "0.0.1",
  "lockfileVersion": 3,
  "requires": true,
  "packages": {
    "": {
      "name": "auto-emoji",
      "version": "0.0.1",
      "license": "ISC",
      "dependencies": {
        "lepikjs": "^3.2.18"
      }
    },
    "node_modules/eventemitter2": {
      "version": "6.4.9",
      "resolved": "https://registry.npmjs.org/eventemitter2/-/eventemitter2-6.4.9.tgz",
      "integrity": "sha512-JEPTiaOt9f04oa6NOkc4aH+nVp5I3wEjpHbIPqfgCdD5v5bUzy7xQqwcVO2aDQgOWhI28da57HksMrzK9HlRxg=="
    },
    "node_modules/github-publisher": {
      "version": "1.4.2",
      "resolved": "https://registry.npmjs.org/github-publisher/-/github-publisher-1.4.2.tgz",
      "integrity": "sha512-yWQExwv1EqP1K8npIcghG3xwFiUBz7tdhTF64SQ6zUnYgNi7owtlqNgex5Jhry1RmMpChw3zblixxKrc/0Frww==",
      "bin": {
        "github-publisher": "bin/index.js",
        "gp": "bin/index.js"
      }
    },
    "node_modules/lepikevents": {
      "version": "2.0.3",
      "resolved": "https://registry.npmjs.org/lepikevents/-/lepikevents-2.0.3.tgz",
      "integrity": "sha512-KBcqbURnXK0llswr1OaDcmdhL9CEHSM8qQJE6uJdoOXagXkOTKTzKInOjXtpCHd1SbekP0VQG1xGuAeYxOw/QA==",
      "dependencies": {
        "eventemitter2": "^6.4.5"
      }
    },
    "node_modules/lepikjs": {
      "version": "3.2.18",
      "resolved": "https://registry.npmjs.org/lepikjs/-/lepikjs-3.2.18.tgz",
      "integrity": "sha512-6BcsdDvunijletXHjfu5JdiEGfWxgQCTtp21rwe0zrSJH30agIcntzgfZP4MhcFTsf0lHXh35RTeacfJaERWZQ==",
      "dependencies": {
        "eventemitter2": "^6.4.5",
        "github-publisher": "^1.4.2",
        "lepikevents": "^2.0.3"
      }
    }
  }
}
